Microsoft Visual Studio Solution File, Format Version 12.00
# Visual Studio Version 17
VisualStudioVersion = 17.5.2.0
MinimumVisualStudioVersion = 10.0.40219.1
Project("{2150E333-8FDC-42A3-9474-1A3956D46DE8}") = "Day18 (28-05-2025)", "Day18 (28-05-2025)", "{F9534FAE-EA6D-BB57-B903-365BAEEB8DB2}"
EndProject
Project("{2150E333-8FDC-42A3-9474-1A3956D46DE8}") = "Day19 (29-05-2025)", "Day19 (29-05-2025)", "{12BF8A78-1918-06BB-E5BD-37107A9F860F}"
EndProject
Project("{2150E333-8FDC-42A3-9474-1A3956D46DE8}") = "Day17 (27-05-2025)", "Day17 (27-05-2025)", "{D7252AD1-5DFC-0AA7-37AA-C09A838F3D1F}"
EndProject
Project("{2150E333-8FDC-42A3-9474-1A3956D46DE8}") = "Day16 (26-05-2025)", "Day16 (26-05-2025)", "{37A47698-451E-C663-D93C-6B6DD13D508A}"
EndProject
Project("{FAE04EC0-301F-11D3-BF4B-00C04F79EFBC}") = "AppointmentApi", "Day18 (28-05-2025)\AppointmentApi\AppointmentApi.csproj", "{F1AF2192-7066-23F1-82D4-BA0F642486FC}"
EndProject
Project("{FAE04EC0-301F-11D3-BF4B-00C04F79EFBC}") = "SocialMediaApi", "Day18 (28-05-2025)\SocialMediaApi\SocialMediaApi.csproj", "{57BADD0D-DECE-8DC3-7E88-738535866CB6}"
EndProject
Project("{FAE04EC0-301F-11D3-BF4B-00C04F79EFBC}") = "AppointmentApi", "Day19 (29-05-2025)\AppointmentApi\AppointmentApi.csproj", "{2A386154-27C0-EB20-79CD-D657A0C81C38}"
EndProject
Project("{FAE04EC0-301F-11D3-BF4B-00C04F79EFBC}") = "BankingAppApi", "Day19 (29-05-2025)\BankingAppApi\BankingAppApi.csproj", "{4BE80F4D-E46A-4EC9-7611-48B24CE57977}"
EndProject
Project("{FAE04EC0-301F-11D3-BF4B-00C04F79EFBC}") = "AppointmentApi", "Day17 (27-05-2025)\AppointmentApi\AppointmentApi.csproj", "{DC9003C0-9EFC-84EB-D404-7B90710AF8B6}"
EndProject
Project("{FAE04EC0-301F-11D3-BF4B-00C04F79EFBC}") = "SocialMediaApi", "Day17 (27-05-2025)\SocialMediaApi\SocialMediaApi.csproj", "{0590BE51-0283-099C-18A9-0A3BEEE9735B}"
EndProject
Project("{FAE04EC0-301F-11D3-BF4B-00C04F79EFBC}") = "DoctorApi", "Day16 (26-05-2025)\DoctorApi\DoctorApi.csproj", "{5A308262-79B2-9B42-1800-A7B4A3E5445F}"
EndProject
Project("{FAE04EC0-301F-11D3-BF4B-00C04F79EFBC}") = "MyApiProject", "Day16 (26-05-2025)\MyApiProject\MyApiProject.csproj", "{4F512A90-3731-A1B1-0598-38E1CE308B19}"
EndProject
Global
	GlobalSection(SolutionConfigurationPlatforms) = preSolution
		Debug|Any CPU = Debug|Any CPU
		Release|Any CPU = Release|Any CPU
	EndGlobalSection
	GlobalSection(ProjectConfigurationPlatforms) = postSolution
		{F1AF2192-7066-23F1-82D4-BA0F642486FC}.Debug|Any CPU.ActiveCfg = Debug|Any CPU
		{F1AF2192-7066-23F1-82D4-BA0F642486FC}.Debug|Any CPU.Build.0 = Debug|Any CPU
		{F1AF2192-7066-23F1-82D4-BA0F642486FC}.Release|Any CPU.ActiveCfg = Release|Any CPU
		{F1AF2192-7066-23F1-82D4-BA0F642486FC}.Release|Any CPU.Build.0 = Release|Any CPU
		{57BADD0D-DECE-8DC3-7E88-738535866CB6}.Debug|Any CPU.ActiveCfg = Debug|Any CPU
		{57BADD0D-DECE-8DC3-7E88-738535866CB6}.Debug|Any CPU.Build.0 = Debug|Any CPU
		{57BADD0D-DECE-8DC3-7E88-738535866CB6}.Release|Any CPU.ActiveCfg = Release|Any CPU
		{57BADD0D-DECE-8DC3-7E88-738535866CB6}.Release|Any CPU.Build.0 = Release|Any CPU
		{2A386154-27C0-EB20-79CD-D657A0C81C38}.Debug|Any CPU.ActiveCfg = Debug|Any CPU
		{2A386154-27C0-EB20-79CD-D657A0C81C38}.Debug|Any CPU.Build.0 = Debug|Any CPU
		{2A386154-27C0-EB20-79CD-D657A0C81C38}.Release|Any CPU.ActiveCfg = Release|Any CPU
		{2A386154-27C0-EB20-79CD-D657A0C81C38}.Release|Any CPU.Build.0 = Release|Any CPU
		{4BE80F4D-E46A-4EC9-7611-48B24CE57977}.Debug|Any CPU.ActiveCfg = Debug|Any CPU
		{4BE80F4D-E46A-4EC9-7611-48B24CE57977}.Debug|Any CPU.Build.0 = Debug|Any CPU
		{4BE80F4D-E46A-4EC9-7611-48B24CE57977}.Release|Any CPU.ActiveCfg = Release|Any CPU
		{4BE80F4D-E46A-4EC9-7611-48B24CE57977}.Release|Any CPU.Build.0 = Release|Any CPU
		{DC9003C0-9EFC-84EB-D404-7B90710AF8B6}.Debug|Any CPU.ActiveCfg = Debug|Any CPU
		{DC9003C0-9EFC-84EB-D404-7B90710AF8B6}.Debug|Any CPU.Build.0 = Debug|Any CPU
		{DC9003C0-9EFC-84EB-D404-7B90710AF8B6}.Release|Any CPU.ActiveCfg = Release|Any CPU
		{DC9003C0-9EFC-84EB-D404-7B90710AF8B6}.Release|Any CPU.Build.0 = Release|Any CPU
		{0590BE51-0283-099C-18A9-0A3BEEE9735B}.Debug|Any CPU.ActiveCfg = Debug|Any CPU
		{0590BE51-0283-099C-18A9-0A3BEEE9735B}.Debug|Any CPU.Build.0 = Debug|Any CPU
		{0590BE51-0283-099C-18A9-0A3BEEE9735B}.Release|Any CPU.ActiveCfg = Release|Any CPU
		{0590BE51-0283-099C-18A9-0A3BEEE9735B}.Release|Any CPU.Build.0 = Release|Any CPU
		{5A308262-79B2-9B42-1800-A7B4A3E5445F}.Debug|Any CPU.ActiveCfg = Debug|Any CPU
		{5A308262-79B2-9B42-1800-A7B4A3E5445F}.Debug|Any CPU.Build.0 = Debug|Any CPU
		{5A308262-79B2-9B42-1800-A7B4A3E5445F}.Release|Any CPU.ActiveCfg = Release|Any CPU
		{5A308262-79B2-9B42-1800-A7B4A3E5445F}.Release|Any CPU.Build.0 = Release|Any CPU
		{4F512A90-3731-A1B1-0598-38E1CE308B19}.Debug|Any CPU.ActiveCfg = Debug|Any CPU
		{4F512A90-3731-A1B1-0598-38E1CE308B19}.Debug|Any CPU.Build.0 = Debug|Any CPU
		{4F512A90-3731-A1B1-0598-38E1CE308B19}.Release|Any CPU.ActiveCfg = Release|Any CPU
		{4F512A90-3731-A1B1-0598-38E1CE308B19}.Release|Any CPU.Build.0 = Release|Any CPU
	EndGlobalSection
	GlobalSection(SolutionProperties) = preSolution
		HideSolutionNode = FALSE
	EndGlobalSection
	GlobalSection(NestedProjects) = preSolution
		{F1AF2192-7066-23F1-82D4-BA0F642486FC} = {F9534FAE-EA6D-BB57-B903-365BAEEB8DB2}
		{57BADD0D-DECE-8DC3-7E88-738535866CB6} = {F9534FAE-EA6D-BB57-B903-365BAEEB8DB2}
		{2A386154-27C0-EB20-79CD-D657A0C81C38} = {12BF8A78-1918-06BB-E5BD-37107A9F860F}
		{4BE80F4D-E46A-4EC9-7611-48B24CE57977} = {12BF8A78-1918-06BB-E5BD-37107A9F860F}
		{DC9003C0-9EFC-84EB-D404-7B90710AF8B6} = {D7252AD1-5DFC-0AA7-37AA-C09A838F3D1F}
		{0590BE51-0283-099C-18A9-0A3BEEE9735B} = {D7252AD1-5DFC-0AA7-37AA-C09A838F3D1F}
		{5A308262-79B2-9B42-1800-A7B4A3E5445F} = {37A47698-451E-C663-D93C-6B6DD13D508A}
		{4F512A90-3731-A1B1-0598-38E1CE308B19} = {37A47698-451E-C663-D93C-6B6DD13D508A}
	EndGlobalSection
	GlobalSection(ExtensibilityGlobals) = postSolution
		SolutionGuid = {AA43FB92-BAF0-4120-BD21-3168804770E3}
	EndGlobalSection
EndGlobal
