
Microsoft Visual Studio Solution File, Format Version 12.00
# Visual Studio Version 17
VisualStudioVersion = 17.13.35931.197 d17.13
MinimumVisualStudioVersion = 10.0.40219.1
Project("{FAE04EC0-301F-11D3-BF4B-00C04F79EFBC}") = "DesignPatterns", "DesignPatterns\DesignPatterns.csproj", "{EB3E03E7-A1F8-4070-BCF2-803A3C07EA86}"
EndProject
Global
	GlobalSection(SolutionConfigurationPlatforms) = preSolution
		Debug|Any CPU = Debug|Any CPU
		Release|Any CPU = Release|Any CPU
	EndGlobalSection
	GlobalSection(ProjectConfigurationPlatforms) = postSolution
		{EB3E03E7-A1F8-4070-BCF2-803A3C07EA86}.Debug|Any CPU.ActiveCfg = Debug|Any CPU
		{EB3E03E7-A1F8-4070-BCF2-803A3C07EA86}.Debug|Any CPU.Build.0 = Debug|Any CPU
		{EB3E03E7-A1F8-4070-BCF2-803A3C07EA86}.Release|Any CPU.ActiveCfg = Release|Any CPU
		{EB3E03E7-A1F8-4070-BCF2-803A3C07EA86}.Release|Any CPU.Build.0 = Release|Any CPU
	EndGlobalSection
	GlobalSection(SolutionProperties) = preSolution
		HideSolutionNode = FALSE
	EndGlobalSection
	GlobalSection(ExtensibilityGlobals) = postSolution
		SolutionGuid = {574E4A2F-388B-4987-A9B7-85FEA5C9936A}
	EndGlobalSection
EndGlobal
