Microsoft Visual Studio Solution File, Format Version 12.00
# Visual Studio Version 17
VisualStudioVersion = 17.5.2.0
MinimumVisualStudioVersion = 10.0.40219.1
Project("{2150E333-8FDC-42A3-9474-1A3956D46DE8}") = "Day22 (04-05-2025)", "Day22 (04-05-2025)", "{C7FB589B-B55D-25EA-D810-60D94AF9E736}"
EndProject
Project("{2150E333-8FDC-42A3-9474-1A3956D46DE8}") = "Day23 (05-06-2025)", "Day23 (05-06-2025)", "{7D286417-69A6-88EF-6E0C-A34F3E26E883}"
EndProject
Project("{2150E333-8FDC-42A3-9474-1A3956D46DE8}") = "Day21 (03-05-2025)", "Day21 (03-05-2025)", "{D29CCCCE-00F6-DC1B-D5B3-54163006C9DD}"
EndProject
Project("{2150E333-8FDC-42A3-9474-1A3956D46DE8}") = "Day20 (02-05-2025)", "Day20 (02-05-2025)", "{B5D917A8-4343-9DE3-4DA8-C6748C1C66DD}"
EndProject
Project("{FAE04EC0-301F-11D3-BF4B-00C04F79EFBC}") = "AppointmentApi", "Day22 (04-05-2025)\AppointmentApi\AppointmentApi.csproj", "{2610D103-0FBB-0290-605F-04F00F7ADC3A}"
EndProject
Project("{FAE04EC0-301F-11D3-BF4B-00C04F79EFBC}") = "Oauth2_Authentication", "Day22 (04-05-2025)\Oauth2_Authentication\Oauth2_Authentication.csproj", "{4B27DA5A-3DE1-68F6-BB0B-451E5AECDBF1}"
EndProject
Project("{FAE04EC0-301F-11D3-BF4B-00C04F79EFBC}") = "AppointmentApi.Test", "Day22 (04-05-2025)\AppointmentApi.Test\AppointmentApi.Test.csproj", "{97C330D5-D22C-CD44-AEAB-EFF9AB367AE2}"
EndProject
Project("{FAE04EC0-301F-11D3-BF4B-00C04F79EFBC}") = "FileSharing", "Day23 (05-06-2025)\FileSharing\FileSharing.csproj", "{EE93FF1E-4980-2FA8-C11E-AD229418263B}"
EndProject
Project("{FAE04EC0-301F-11D3-BF4B-00C04F79EFBC}") = "AppointmentApi", "Day23 (05-06-2025)\AppointmentApi\AppointmentApi.csproj", "{B9CF0772-DCA7-A5C6-2EA5-1843A7BD725A}"
EndProject
Project("{FAE04EC0-301F-11D3-BF4B-00C04F79EFBC}") = "FileApp", "Day23 (05-06-2025)\HrDocumentApi\FileApp.csproj", "{7CDF2D9A-975F-84C1-2D2E-3F5076474280}"
EndProject
Project("{FAE04EC0-301F-11D3-BF4B-00C04F79EFBC}") = "AppointmentApi", "Day21 (03-05-2025)\AppointmentApi\AppointmentApi.csproj", "{677E95A4-7A83-C861-9BF0-FC9F31F7250F}"
EndProject
Project("{FAE04EC0-301F-11D3-BF4B-00C04F79EFBC}") = "AppointmentApi.Test", "Day21 (03-05-2025)\AppointmentApi.Test\AppointmentApi.Test.csproj", "{1595119E-B1CF-C290-AD8E-8CC1BCAD840A}"
EndProject
Project("{FAE04EC0-301F-11D3-BF4B-00C04F79EFBC}") = "AppointmentApi", "Day20 (02-05-2025)\AppointmentApi\AppointmentApi.csproj", "{3BFFEC8C-0334-3C08-209B-D0F50721B8E3}"
EndProject
Global
	GlobalSection(SolutionConfigurationPlatforms) = preSolution
		Debug|Any CPU = Debug|Any CPU
		Release|Any CPU = Release|Any CPU
	EndGlobalSection
	GlobalSection(ProjectConfigurationPlatforms) = postSolution
		{2610D103-0FBB-0290-605F-04F00F7ADC3A}.Debug|Any CPU.ActiveCfg = Debug|Any CPU
		{2610D103-0FBB-0290-605F-04F00F7ADC3A}.Debug|Any CPU.Build.0 = Debug|Any CPU
		{2610D103-0FBB-0290-605F-04F00F7ADC3A}.Release|Any CPU.ActiveCfg = Release|Any CPU
		{2610D103-0FBB-0290-605F-04F00F7ADC3A}.Release|Any CPU.Build.0 = Release|Any CPU
		{4B27DA5A-3DE1-68F6-BB0B-451E5AECDBF1}.Debug|Any CPU.ActiveCfg = Debug|Any CPU
		{4B27DA5A-3DE1-68F6-BB0B-451E5AECDBF1}.Debug|Any CPU.Build.0 = Debug|Any CPU
		{4B27DA5A-3DE1-68F6-BB0B-451E5AECDBF1}.Release|Any CPU.ActiveCfg = Release|Any CPU
		{4B27DA5A-3DE1-68F6-BB0B-451E5AECDBF1}.Release|Any CPU.Build.0 = Release|Any CPU
		{97C330D5-D22C-CD44-AEAB-EFF9AB367AE2}.Debug|Any CPU.ActiveCfg = Debug|Any CPU
		{97C330D5-D22C-CD44-AEAB-EFF9AB367AE2}.Debug|Any CPU.Build.0 = Debug|Any CPU
		{97C330D5-D22C-CD44-AEAB-EFF9AB367AE2}.Release|Any CPU.ActiveCfg = Release|Any CPU
		{97C330D5-D22C-CD44-AEAB-EFF9AB367AE2}.Release|Any CPU.Build.0 = Release|Any CPU
		{EE93FF1E-4980-2FA8-C11E-AD229418263B}.Debug|Any CPU.ActiveCfg = Debug|Any CPU
		{EE93FF1E-4980-2FA8-C11E-AD229418263B}.Debug|Any CPU.Build.0 = Debug|Any CPU
		{EE93FF1E-4980-2FA8-C11E-AD229418263B}.Release|Any CPU.ActiveCfg = Release|Any CPU
		{EE93FF1E-4980-2FA8-C11E-AD229418263B}.Release|Any CPU.Build.0 = Release|Any CPU
		{B9CF0772-DCA7-A5C6-2EA5-1843A7BD725A}.Debug|Any CPU.ActiveCfg = Debug|Any CPU
		{B9CF0772-DCA7-A5C6-2EA5-1843A7BD725A}.Debug|Any CPU.Build.0 = Debug|Any CPU
		{B9CF0772-DCA7-A5C6-2EA5-1843A7BD725A}.Release|Any CPU.ActiveCfg = Release|Any CPU
		{B9CF0772-DCA7-A5C6-2EA5-1843A7BD725A}.Release|Any CPU.Build.0 = Release|Any CPU
		{7CDF2D9A-975F-84C1-2D2E-3F5076474280}.Debug|Any CPU.ActiveCfg = Debug|Any CPU
		{7CDF2D9A-975F-84C1-2D2E-3F5076474280}.Debug|Any CPU.Build.0 = Debug|Any CPU
		{7CDF2D9A-975F-84C1-2D2E-3F5076474280}.Release|Any CPU.ActiveCfg = Release|Any CPU
		{7CDF2D9A-975F-84C1-2D2E-3F5076474280}.Release|Any CPU.Build.0 = Release|Any CPU
		{677E95A4-7A83-C861-9BF0-FC9F31F7250F}.Debug|Any CPU.ActiveCfg = Debug|Any CPU
		{677E95A4-7A83-C861-9BF0-FC9F31F7250F}.Debug|Any CPU.Build.0 = Debug|Any CPU
		{677E95A4-7A83-C861-9BF0-FC9F31F7250F}.Release|Any CPU.ActiveCfg = Release|Any CPU
		{677E95A4-7A83-C861-9BF0-FC9F31F7250F}.Release|Any CPU.Build.0 = Release|Any CPU
		{1595119E-B1CF-C290-AD8E-8CC1BCAD840A}.Debug|Any CPU.ActiveCfg = Debug|Any CPU
		{1595119E-B1CF-C290-AD8E-8CC1BCAD840A}.Debug|Any CPU.Build.0 = Debug|Any CPU
		{1595119E-B1CF-C290-AD8E-8CC1BCAD840A}.Release|Any CPU.ActiveCfg = Release|Any CPU
		{1595119E-B1CF-C290-AD8E-8CC1BCAD840A}.Release|Any CPU.Build.0 = Release|Any CPU
		{3BFFEC8C-0334-3C08-209B-D0F50721B8E3}.Debug|Any CPU.ActiveCfg = Debug|Any CPU
		{3BFFEC8C-0334-3C08-209B-D0F50721B8E3}.Debug|Any CPU.Build.0 = Debug|Any CPU
		{3BFFEC8C-0334-3C08-209B-D0F50721B8E3}.Release|Any CPU.ActiveCfg = Release|Any CPU
		{3BFFEC8C-0334-3C08-209B-D0F50721B8E3}.Release|Any CPU.Build.0 = Release|Any CPU
	EndGlobalSection
	GlobalSection(SolutionProperties) = preSolution
		HideSolutionNode = FALSE
	EndGlobalSection
	GlobalSection(NestedProjects) = preSolution
		{2610D103-0FBB-0290-605F-04F00F7ADC3A} = {C7FB589B-B55D-25EA-D810-60D94AF9E736}
		{4B27DA5A-3DE1-68F6-BB0B-451E5AECDBF1} = {C7FB589B-B55D-25EA-D810-60D94AF9E736}
		{97C330D5-D22C-CD44-AEAB-EFF9AB367AE2} = {C7FB589B-B55D-25EA-D810-60D94AF9E736}
		{EE93FF1E-4980-2FA8-C11E-AD229418263B} = {7D286417-69A6-88EF-6E0C-A34F3E26E883}
		{B9CF0772-DCA7-A5C6-2EA5-1843A7BD725A} = {7D286417-69A6-88EF-6E0C-A34F3E26E883}
		{7CDF2D9A-975F-84C1-2D2E-3F5076474280} = {7D286417-69A6-88EF-6E0C-A34F3E26E883}
		{677E95A4-7A83-C861-9BF0-FC9F31F7250F} = {D29CCCCE-00F6-DC1B-D5B3-54163006C9DD}
		{1595119E-B1CF-C290-AD8E-8CC1BCAD840A} = {D29CCCCE-00F6-DC1B-D5B3-54163006C9DD}
		{3BFFEC8C-0334-3C08-209B-D0F50721B8E3} = {B5D917A8-4343-9DE3-4DA8-C6748C1C66DD}
	EndGlobalSection
	GlobalSection(ExtensibilityGlobals) = postSolution
		SolutionGuid = {B5182BED-250B-4201-92A3-DAD19A6E098F}
	EndGlobalSection
EndGlobal
