Microsoft Visual Studio Solution File, Format Version 12.00
# Visual Studio Version 17
VisualStudioVersion = 17.5.2.0
MinimumVisualStudioVersion = 10.0.40219.1
Project("{2150E333-8FDC-42A3-9474-1A3956D46DE8}") = "Day21 (03-05-2025)", "Day21 (03-05-2025)", "{D29CCCCE-00F6-DC1B-D5B3-54163006C9DD}"
EndProject
Project("{2150E333-8FDC-42A3-9474-1A3956D46DE8}") = "Day20 (02-05-2025)", "Day20 (02-05-2025)", "{B5D917A8-4343-9DE3-4DA8-C6748C1C66DD}"
EndProject
Project("{FAE04EC0-301F-11D3-BF4B-00C04F79EFBC}") = "AppointmentApi", "Day21 (03-05-2025)\AppointmentApi\AppointmentApi.csproj", "{677E95A4-7A83-C861-9BF0-FC9F31F7250F}"
EndProject
Project("{FAE04EC0-301F-11D3-BF4B-00C04F79EFBC}") = "AppointmentApi.Test", "Day21 (03-05-2025)\AppointmentApi.Test\AppointmentApi.Test.csproj", "{1595119E-B1CF-C290-AD8E-8CC1BCAD840A}"
EndProject
Project("{FAE04EC0-301F-11D3-BF4B-00C04F79EFBC}") = "AppointmentApi", "Day20 (02-05-2025)\AppointmentApi\AppointmentApi.csproj", "{3BFFEC8C-0334-3C08-209B-D0F50721B8E3}"
EndProject
Global
	GlobalSection(SolutionConfigurationPlatforms) = preSolution
		Debug|Any CPU = Debug|Any CPU
		Release|Any CPU = Release|Any CPU
	EndGlobalSection
	GlobalSection(ProjectConfigurationPlatforms) = postSolution
		{677E95A4-7A83-C861-9BF0-FC9F31F7250F}.Debug|Any CPU.ActiveCfg = Debug|Any CPU
		{677E95A4-7A83-C861-9BF0-FC9F31F7250F}.Debug|Any CPU.Build.0 = Debug|Any CPU
		{677E95A4-7A83-C861-9BF0-FC9F31F7250F}.Release|Any CPU.ActiveCfg = Release|Any CPU
		{677E95A4-7A83-C861-9BF0-FC9F31F7250F}.Release|Any CPU.Build.0 = Release|Any CPU
		{1595119E-B1CF-C290-AD8E-8CC1BCAD840A}.Debug|Any CPU.ActiveCfg = Debug|Any CPU
		{1595119E-B1CF-C290-AD8E-8CC1BCAD840A}.Debug|Any CPU.Build.0 = Debug|Any CPU
		{1595119E-B1CF-C290-AD8E-8CC1BCAD840A}.Release|Any CPU.ActiveCfg = Release|Any CPU
		{1595119E-B1CF-C290-AD8E-8CC1BCAD840A}.Release|Any CPU.Build.0 = Release|Any CPU
		{3BFFEC8C-0334-3C08-209B-D0F50721B8E3}.Debug|Any CPU.ActiveCfg = Debug|Any CPU
		{3BFFEC8C-0334-3C08-209B-D0F50721B8E3}.Debug|Any CPU.Build.0 = Debug|Any CPU
		{3BFFEC8C-0334-3C08-209B-D0F50721B8E3}.Release|Any CPU.ActiveCfg = Release|Any CPU
		{3BFFEC8C-0334-3C08-209B-D0F50721B8E3}.Release|Any CPU.Build.0 = Release|Any CPU
	EndGlobalSection
	GlobalSection(SolutionProperties) = preSolution
		HideSolutionNode = FALSE
	EndGlobalSection
	GlobalSection(NestedProjects) = preSolution
		{677E95A4-7A83-C861-9BF0-FC9F31F7250F} = {D29CCCCE-00F6-DC1B-D5B3-54163006C9DD}
		{1595119E-B1CF-C290-AD8E-8CC1BCAD840A} = {D29CCCCE-00F6-DC1B-D5B3-54163006C9DD}
		{3BFFEC8C-0334-3C08-209B-D0F50721B8E3} = {B5D917A8-4343-9DE3-4DA8-C6748C1C66DD}
	EndGlobalSection
	GlobalSection(ExtensibilityGlobals) = postSolution
		SolutionGuid = {A2A12174-6379-4984-AF52-9E791A770534}
	EndGlobalSection
EndGlobal
